
Microsoft Visual Studio Solution File, Format Version 12.00
# Visual Studio Version 16
VisualStudioVersion = 16.0.31624.102
MinimumVisualStudioVersion = 10.0.40219.1
Project("{FAE04EC0-301F-11D3-BF4B-00C04F79EFBC}") = "CSC470-P2", "CSC470-P2.csproj", "{55DCC552-C06F-443A-8B2C-F8DED466F01E}"
EndProject
Global
	GlobalSection(SolutionConfigurationPlatforms) = preSolution
		Debug|Any CPU = Debug|Any CPU
		Release|Any CPU = Release|Any CPU
	EndGlobalSection
	GlobalSection(ProjectConfigurationPlatforms) = postSolution
		{55DCC552-C06F-443A-8B2C-F8DED466F01E}.Debug|Any CPU.ActiveCfg = Debug|Any CPU
		{55DCC552-C06F-443A-8B2C-F8DED466F01E}.Debug|Any CPU.Build.0 = Debug|Any CPU
		{55DCC552-C06F-443A-8B2C-F8DED466F01E}.Release|Any CPU.ActiveCfg = Release|Any CPU
		{55DCC552-C06F-443A-8B2C-F8DED466F01E}.Release|Any CPU.Build.0 = Release|Any CPU
	EndGlobalSection
	GlobalSection(SolutionProperties) = preSolution
		HideSolutionNode = FALSE
	EndGlobalSection
	GlobalSection(ExtensibilityGlobals) = postSolution
		SolutionGuid = {061ADD3A-E1D7-4F61-AC67-BCEDE4C11F92}
	EndGlobalSection
EndGlobal
